
Microsoft Visual Studio Solution File, Format Version 12.00
# Visual Studio Version 17
VisualStudioVersion = 17.3.32922.545
MinimumVisualStudioVersion = 10.0.40219.1
Project("{FAE04EC0-301F-11D3-BF4B-00C04F79EFBC}") = "Boolean_Logic_Assignment_Submission", "Boolean_Logic_Assignment_Submission\Boolean_Logic_Assignment_Submission.csproj", "{684782ED-19A8-4CCB-8B2E-C57EA0BC9EFF}"
EndProject
Global
	GlobalSection(SolutionConfigurationPlatforms) = preSolution
		Debug|Any CPU = Debug|Any CPU
		Release|Any CPU = Release|Any CPU
	EndGlobalSection
	GlobalSection(ProjectConfigurationPlatforms) = postSolution
		{684782ED-19A8-4CCB-8B2E-C57EA0BC9EFF}.Debug|Any CPU.ActiveCfg = Debug|Any CPU
		{684782ED-19A8-4CCB-8B2E-C57EA0BC9EFF}.Debug|Any CPU.Build.0 = Debug|Any CPU
		{684782ED-19A8-4CCB-8B2E-C57EA0BC9EFF}.Release|Any CPU.ActiveCfg = Release|Any CPU
		{684782ED-19A8-4CCB-8B2E-C57EA0BC9EFF}.Release|Any CPU.Build.0 = Release|Any CPU
	EndGlobalSection
	GlobalSection(SolutionProperties) = preSolution
		HideSolutionNode = FALSE
	EndGlobalSection
	GlobalSection(ExtensibilityGlobals) = postSolution
		SolutionGuid = {64B974E1-62C9-49EE-B225-32769F6B24F0}
	EndGlobalSection
EndGlobal
